
Microsoft Visual Studio Solution File, Format Version 12.00
# Visual Studio Version 16
VisualStudioVersion = 16.0.31112.23
MinimumVisualStudioVersion = 10.0.40219.1
Project("{FAE04EC0-301F-11D3-BF4B-00C04F79EFBC}") = "ConsoleAppHomework05", "ConsoleAppHomework05.csproj", "{55F96B02-E156-4A7C-BE7B-0309FEEAA6EE}"
EndProject
Global
	GlobalSection(SolutionConfigurationPlatforms) = preSolution
		Debug|Any CPU = Debug|Any CPU
		Release|Any CPU = Release|Any CPU
	EndGlobalSection
	GlobalSection(ProjectConfigurationPlatforms) = postSolution
		{55F96B02-E156-4A7C-BE7B-0309FEEAA6EE}.Debug|Any CPU.ActiveCfg = Debug|Any CPU
		{55F96B02-E156-4A7C-BE7B-0309FEEAA6EE}.Debug|Any CPU.Build.0 = Debug|Any CPU
		{55F96B02-E156-4A7C-BE7B-0309FEEAA6EE}.Release|Any CPU.ActiveCfg = Release|Any CPU
		{55F96B02-E156-4A7C-BE7B-0309FEEAA6EE}.Release|Any CPU.Build.0 = Release|Any CPU
	EndGlobalSection
	GlobalSection(SolutionProperties) = preSolution
		HideSolutionNode = FALSE
	EndGlobalSection
	GlobalSection(ExtensibilityGlobals) = postSolution
		SolutionGuid = {7B77937D-EC7C-4DB3-9DBD-81215815F5A1}
	EndGlobalSection
EndGlobal
