
Microsoft Visual Studio Solution File, Format Version 12.00
# Visual Studio Version 16
VisualStudioVersion = 16.0.31105.61
MinimumVisualStudioVersion = 10.0.40219.1
Project("{FAE04EC0-301F-11D3-BF4B-00C04F79EFBC}") = "WinFormsAppMar19th", "WinFormsAppMar19th\WinFormsAppMar19th.csproj", "{14D6ABD5-D32F-49F7-A819-50FD8FE3D3FD}"
EndProject
Global
	GlobalSection(SolutionConfigurationPlatforms) = preSolution
		Debug|Any CPU = Debug|Any CPU
		Release|Any CPU = Release|Any CPU
	EndGlobalSection
	GlobalSection(ProjectConfigurationPlatforms) = postSolution
		{14D6ABD5-D32F-49F7-A819-50FD8FE3D3FD}.Debug|Any CPU.ActiveCfg = Debug|Any CPU
		{14D6ABD5-D32F-49F7-A819-50FD8FE3D3FD}.Debug|Any CPU.Build.0 = Debug|Any CPU
		{14D6ABD5-D32F-49F7-A819-50FD8FE3D3FD}.Release|Any CPU.ActiveCfg = Release|Any CPU
		{14D6ABD5-D32F-49F7-A819-50FD8FE3D3FD}.Release|Any CPU.Build.0 = Release|Any CPU
	EndGlobalSection
	GlobalSection(SolutionProperties) = preSolution
		HideSolutionNode = FALSE
	EndGlobalSection
	GlobalSection(ExtensibilityGlobals) = postSolution
		SolutionGuid = {F9D15057-4AAB-400F-AB35-9AD11ECBE7CD}
	EndGlobalSection
EndGlobal
