
Microsoft Visual Studio Solution File, Format Version 12.00
# Visual Studio Version 16
VisualStudioVersion = 16.0.31105.61
MinimumVisualStudioVersion = 10.0.40219.1
Project("{FAE04EC0-301F-11D3-BF4B-00C04F79EFBC}") = "WinFormAppDemo", "WinFormAppDemo\WinFormAppDemo.csproj", "{1984B19A-127F-4C9D-AB7C-EAF708D6A086}"
EndProject
Global
	GlobalSection(SolutionConfigurationPlatforms) = preSolution
		Debug|Any CPU = Debug|Any CPU
		Release|Any CPU = Release|Any CPU
	EndGlobalSection
	GlobalSection(ProjectConfigurationPlatforms) = postSolution
		{1984B19A-127F-4C9D-AB7C-EAF708D6A086}.Debug|Any CPU.ActiveCfg = Debug|Any CPU
		{1984B19A-127F-4C9D-AB7C-EAF708D6A086}.Debug|Any CPU.Build.0 = Debug|Any CPU
		{1984B19A-127F-4C9D-AB7C-EAF708D6A086}.Release|Any CPU.ActiveCfg = Release|Any CPU
		{1984B19A-127F-4C9D-AB7C-EAF708D6A086}.Release|Any CPU.Build.0 = Release|Any CPU
	EndGlobalSection
	GlobalSection(SolutionProperties) = preSolution
		HideSolutionNode = FALSE
	EndGlobalSection
	GlobalSection(ExtensibilityGlobals) = postSolution
		SolutionGuid = {1E471ECA-CE2D-4B6E-B069-B97B70FDD7EC}
	EndGlobalSection
EndGlobal
