
Microsoft Visual Studio Solution File, Format Version 12.00
# Visual Studio Version 16
VisualStudioVersion = 16.0.31105.61
MinimumVisualStudioVersion = 10.0.40219.1
Project("{FAE04EC0-301F-11D3-BF4B-00C04F79EFBC}") = "ConsoleAppDemo", "ConsoleAppDemo\ConsoleAppDemo.csproj", "{6FA08C51-2DB4-4443-85F7-AD7C4C82A025}"
EndProject
Global
	GlobalSection(SolutionConfigurationPlatforms) = preSolution
		Debug|Any CPU = Debug|Any CPU
		Release|Any CPU = Release|Any CPU
	EndGlobalSection
	GlobalSection(ProjectConfigurationPlatforms) = postSolution
		{6FA08C51-2DB4-4443-85F7-AD7C4C82A025}.Debug|Any CPU.ActiveCfg = Debug|Any CPU
		{6FA08C51-2DB4-4443-85F7-AD7C4C82A025}.Debug|Any CPU.Build.0 = Debug|Any CPU
		{6FA08C51-2DB4-4443-85F7-AD7C4C82A025}.Release|Any CPU.ActiveCfg = Release|Any CPU
		{6FA08C51-2DB4-4443-85F7-AD7C4C82A025}.Release|Any CPU.Build.0 = Release|Any CPU
	EndGlobalSection
	GlobalSection(SolutionProperties) = preSolution
		HideSolutionNode = FALSE
	EndGlobalSection
	GlobalSection(ExtensibilityGlobals) = postSolution
		SolutionGuid = {8F122DB9-EAB3-4E68-903E-4ACC1058C06E}
	EndGlobalSection
EndGlobal
